// !$*UTF8*$!
{
	archiveVersion = 1;
	classes = {
	};
	objectVersion = 55;
	objects = {

/* Begin PBXBuildFile section */
		024E9F052826F2CA00AEB1E8 /* pokemon_species.csv in Resources */ = {isa = PBXBuildFile; fileRef = 024E9F042826F2C900AEB1E8 /* pokemon_species.csv */; };
		024E9F072826F73600AEB1E8 /* Pokemon.swift in Sources */ = {isa = PBXBuildFile; fileRef = 024E9F062826F73600AEB1E8 /* Pokemon.swift */; };
		024E9F092827005600AEB1E8 /* bg.image.tiff in Resources */ = {isa = PBXBuildFile; fileRef = 024E9F082827005600AEB1E8 /* bg.image.tiff */; };
		024E9F0D28270A9A00AEB1E8 /* PokeCell.swift in Sources */ = {isa = PBXBuildFile; fileRef = 024E9F0C28270A9A00AEB1E8 /* PokeCell.swift */; };
		024E9F0F28285BB900AEB1E8 /* csv.swift in Sources */ = {isa = PBXBuildFile; fileRef = 024E9F0E28285BB900AEB1E8 /* csv.swift */; };
		024E9F142829F7A200AEB1E8 /* Pokemon.ttf in Resources */ = {isa = PBXBuildFile; fileRef = 024E9F132829F7A200AEB1E8 /* Pokemon.ttf */; };
		024E9F16282A8D0100AEB1E8 /* PokemonDetailVC.swift in Sources */ = {isa = PBXBuildFile; fileRef = 024E9F15282A8D0100AEB1E8 /* PokemonDetailVC.swift */; };
		024E9F1B282A9A4500AEB1E8 /* music.mp3 in Resources */ = {isa = PBXBuildFile; fileRef = 024E9F1A282A9A4500AEB1E8 /* music.mp3 */; };
		024E9F1D282A9A5700AEB1E8 /* music.png in Resources */ = {isa = PBXBuildFile; fileRef = 024E9F1C282A9A5700AEB1E8 /* music.png */; };
		029C17612822ADA20031AF64 /* AppDelegate.swift in Sources */ = {isa = PBXBuildFile; fileRef = 029C17602822ADA20031AF64 /* AppDelegate.swift */; };
		029C17632822ADA20031AF64 /* SceneDelegate.swift in Sources */ = {isa = PBXBuildFile; fileRef = 029C17622822ADA20031AF64 /* SceneDelegate.swift */; };
		029C17652822ADA20031AF64 /* ViewController.swift in Sources */ = {isa = PBXBuildFile; fileRef = 029C17642822ADA20031AF64 /* ViewController.swift */; };
		029C17682822ADA20031AF64 /* Main.storyboard in Resources */ = {isa = PBXBuildFile; fileRef = 029C17662822ADA20031AF64 /* Main.storyboard */; };
		029C176A2822ADA70031AF64 /* Assets.xcassets in Resources */ = {isa = PBXBuildFile; fileRef = 029C17692822ADA70031AF64 /* Assets.xcassets */; };
		029C176D2822ADA70031AF64 /* LaunchScreen.storyboard in Resources */ = {isa = PBXBuildFile; fileRef = 029C176B2822ADA70031AF64 /* LaunchScreen.storyboard */; };
		029C17782822ADA70031AF64 /* PokedexTests.swift in Sources */ = {isa = PBXBuildFile; fileRef = 029C17772822ADA70031AF64 /* PokedexTests.swift */; };
		029C17822822ADA70031AF64 /* PokedexUITests.swift in Sources */ = {isa = PBXBuildFile; fileRef = 029C17812822ADA70031AF64 /* PokedexUITests.swift */; };
		029C17842822ADA70031AF64 /* PokedexUITestsLaunchTests.swift in Sources */ = {isa = PBXBuildFile; fileRef = 029C17832822ADA70031AF64 /* PokedexUITestsLaunchTests.swift */; };
/* End PBXBuildFile section */

/* Begin PBXContainerItemProxy section */
		029C17742822ADA70031AF64 /* PBXContainerItemProxy */ = {
			isa = PBXContainerItemProxy;
			containerPortal = 029C17552822ADA20031AF64 /* Project object */;
			proxyType = 1;
			remoteGlobalIDString = 029C175C2822ADA20031AF64;
			remoteInfo = Pokedex;
		};
		029C177E2822ADA70031AF64 /* PBXContainerItemProxy */ = {
			isa = PBXContainerItemProxy;
			containerPortal = 029C17552822ADA20031AF64 /* Project object */;
			proxyType = 1;
			remoteGlobalIDString = 029C175C2822ADA20031AF64;
			remoteInfo = Pokedex;
		};
/* End PBXContainerItemProxy section */

/* Begin PBXFileReference section */
		024E9F042826F2C900AEB1E8 /* pokemon_species.csv */ = {isa = PBXFileReference; fileEncoding = 4; lastKnownFileType = text; path = pokemon_species.csv; sourceTree = "<group>"; };
		024E9F062826F73600AEB1E8 /* Pokemon.swift */ = {isa = PBXFileReference; lastKnownFileType = sourcecode.swift; path = Pokemon.swift; sourceTree = "<group>"; };
		024E9F082827005600AEB1E8 /* bg.image.tiff */ = {isa = PBXFileReference; lastKnownFileType = image.tiff; path = bg.image.tiff; sourceTree = "<group>"; };
		024E9F0C28270A9A00AEB1E8 /* PokeCell.swift */ = {isa = PBXFileReference; lastKnownFileType = sourcecode.swift; path = PokeCell.swift; sourceTree = "<group>"; };
		024E9F0E28285BB900AEB1E8 /* csv.swift */ = {isa = PBXFileReference; lastKnownFileType = sourcecode.swift; path = csv.swift; sourceTree = "<group>"; };
		024E9F132829F7A200AEB1E8 /* Pokemon.ttf */ = {isa = PBXFileReference; lastKnownFileType = file; path = Pokemon.ttf; sourceTree = "<group>"; };
		024E9F15282A8D0100AEB1E8 /* PokemonDetailVC.swift */ = {isa = PBXFileReference; lastKnownFileType = sourcecode.swift; path = PokemonDetailVC.swift; sourceTree = "<group>"; };
		024E9F1A282A9A4500AEB1E8 /* music.mp3 */ = {isa = PBXFileReference; lastKnownFileType = audio.mp3; path = music.mp3; sourceTree = "<group>"; };
		024E9F1C282A9A5700AEB1E8 /* music.png */ = {isa = PBXFileReference; lastKnownFileType = image.png; path = music.png; sourceTree = "<group>"; };
		029C175D2822ADA20031AF64 /* Pokedex.app */ = {isa = PBXFileReference; explicitFileType = wrapper.application; includeInIndex = 0; path = Pokedex.app; sourceTree = BUILT_PRODUCTS_DIR; };
		029C17602822ADA20031AF64 /* AppDelegate.swift */ = {isa = PBXFileReference; lastKnownFileType = sourcecode.swift; path = AppDelegate.swift; sourceTree = "<group>"; };
		029C17622822ADA20031AF64 /* SceneDelegate.swift */ = {isa = PBXFileReference; lastKnownFileType = sourcecode.swift; path = SceneDelegate.swift; sourceTree = "<group>"; };
		029C17642822ADA20031AF64 /* ViewController.swift */ = {isa = PBXFileReference; lastKnownFileType = sourcecode.swift; path = ViewController.swift; sourceTree = "<group>"; };
		029C17672822ADA20031AF64 /* Base */ = {isa = PBXFileReference; lastKnownFileType = file.storyboard; name = Base; path = Base.lproj/Main.storyboard; sourceTree = "<group>"; };
		029C17692822ADA70031AF64 /* Assets.xcassets */ = {isa = PBXFileReference; lastKnownFileType = folder.assetcatalog; path = Assets.xcassets; sourceTree = "<group>"; };
		029C176C2822ADA70031AF64 /* Base */ = {isa = PBXFileReference; lastKnownFileType = file.storyboard; name = Base; path = Base.lproj/LaunchScreen.storyboard; sourceTree = "<group>"; };
		029C176E2822ADA70031AF64 /* Info.plist */ = {isa = PBXFileReference; lastKnownFileType = text.plist.xml; path = Info.plist; sourceTree = "<group>"; };
		029C17732822ADA70031AF64 /* PokedexTests.xctest */ = {isa = PBXFileReference; explicitFileType = wrapper.cfbundle; includeInIndex = 0; path = PokedexTests.xctest; sourceTree = BUILT_PRODUCTS_DIR; };
		029C17772822ADA70031AF64 /* PokedexTests.swift */ = {isa = PBXFileReference; lastKnownFileType = sourcecode.swift; path = PokedexTests.swift; sourceTree = "<group>"; };
		029C177D2822ADA70031AF64 /* PokedexUITests.xctest */ = {isa = PBXFileReference; explicitFileType = wrapper.cfbundle; includeInIndex = 0; path = PokedexUITests.xctest; sourceTree = BUILT_PRODUCTS_DIR; };
		029C17812822ADA70031AF64 /* PokedexUITests.swift */ = {isa = PBXFileReference; lastKnownFileType = sourcecode.swift; path = PokedexUITests.swift; sourceTree = "<group>"; };
		029C17832822ADA70031AF64 /* PokedexUITestsLaunchTests.swift */ = {isa = PBXFileReference; lastKnownFileType = sourcecode.swift; path = PokedexUITestsLaunchTests.swift; sourceTree = "<group>"; };
/* End PBXFileReference section */

/* Begin PBXFrameworksBuildPhase section */
		029C175A2822ADA20031AF64 /* Frameworks */ = {
			isa = PBXFrameworksBuildPhase;
			buildActionMask = 2147483647;
			files = (
			);
			runOnlyForDeploymentPostprocessing = 0;
		};
		029C17702822ADA70031AF64 /* Frameworks */ = {
			isa = PBXFrameworksBuildPhase;
			buildActionMask = 2147483647;
			files = (
			);
			runOnlyForDeploymentPostprocessing = 0;
		};
		029C177A2822ADA70031AF64 /* Frameworks */ = {
			isa = PBXFrameworksBuildPhase;
			buildActionMask = 2147483647;
			files = (
			);
			runOnlyForDeploymentPostprocessing = 0;
		};
/* End PBXFrameworksBuildPhase section */

/* Begin PBXGroup section */
		024E9F0A28270A1B00AEB1E8 /* New Group */ = {
			isa = PBXGroup;
			children = (
			);
			path = "New Group";
			sourceTree = "<group>";
		};
		024E9F0B28270A3F00AEB1E8 /* View */ = {
			isa = PBXGroup;
			children = (
				029C17622822ADA20031AF64 /* SceneDelegate.swift */,
				024E9F0C28270A9A00AEB1E8 /* PokeCell.swift */,
			);
			path = View;
			sourceTree = "<group>";
		};
		024E9F17282A91D400AEB1E8 /* Controller */ = {
			isa = PBXGroup;
			children = (
				024E9F15282A8D0100AEB1E8 /* PokemonDetailVC.swift */,
				029C17642822ADA20031AF64 /* ViewController.swift */,
			);
			path = Controller;
			sourceTree = "<group>";
		};
		024E9F18282A923200AEB1E8 /* Resources */ = {
			isa = PBXGroup;
			children = (
				024E9F1C282A9A5700AEB1E8 /* music.png */,
				024E9F1A282A9A4500AEB1E8 /* music.mp3 */,
				024E9F042826F2C900AEB1E8 /* pokemon_species.csv */,
				024E9F132829F7A200AEB1E8 /* Pokemon.ttf */,
			);
			path = Resources;
			sourceTree = "<group>";
		};
		024E9F19282A927400AEB1E8 /* Util */ = {
			isa = PBXGroup;
			children = (
				029C17602822ADA20031AF64 /* AppDelegate.swift */,
				024E9F0E28285BB900AEB1E8 /* csv.swift */,
			);
			path = Util;
			sourceTree = "<group>";
		};
		024E9F1E282AF92600AEB1E8 /* Frameworks */ = {
			isa = PBXGroup;
			children = (
			);
			name = Frameworks;
			sourceTree = "<group>";
		};
		029C17542822ADA20031AF64 = {
			isa = PBXGroup;
			children = (
				029C175F2822ADA20031AF64 /* Pokedex */,
				029C17762822ADA70031AF64 /* PokedexTests */,
				029C17802822ADA70031AF64 /* PokedexUITests */,
				029C175E2822ADA20031AF64 /* Products */,
				024E9F1E282AF92600AEB1E8 /* Frameworks */,
			);
			sourceTree = "<group>";
		};
		029C175E2822ADA20031AF64 /* Products */ = {
			isa = PBXGroup;
			children = (
				029C175D2822ADA20031AF64 /* Pokedex.app */,
				029C17732822ADA70031AF64 /* PokedexTests.xctest */,
				029C177D2822ADA70031AF64 /* PokedexUITests.xctest */,
			);
			name = Products;
			sourceTree = "<group>";
		};
		029C175F2822ADA20031AF64 /* Pokedex */ = {
			isa = PBXGroup;
			children = (
				024E9F19282A927400AEB1E8 /* Util */,
				024E9F18282A923200AEB1E8 /* Resources */,
				024E9F17282A91D400AEB1E8 /* Controller */,
				024E9F0B28270A3F00AEB1E8 /* View */,
				029C17902822E73B0031AF64 /* Model */,
				029C17662822ADA20031AF64 /* Main.storyboard */,
				029C17692822ADA70031AF64 /* Assets.xcassets */,
				024E9F082827005600AEB1E8 /* bg.image.tiff */,
				029C176B2822ADA70031AF64 /* LaunchScreen.storyboard */,
				029C176E2822ADA70031AF64 /* Info.plist */,
			);
			path = Pokedex;
			sourceTree = "<group>";
		};
		029C17762822ADA70031AF64 /* PokedexTests */ = {
			isa = PBXGroup;
			children = (
				029C17772822ADA70031AF64 /* PokedexTests.swift */,
			);
			path = PokedexTests;
			sourceTree = "<group>";
		};
		029C17802822ADA70031AF64 /* PokedexUITests */ = {
			isa = PBXGroup;
			children = (
				024E9F0A28270A1B00AEB1E8 /* New Group */,
				029C17812822ADA70031AF64 /* PokedexUITests.swift */,
				029C17832822ADA70031AF64 /* PokedexUITestsLaunchTests.swift */,
			);
			path = PokedexUITests;
			sourceTree = "<group>";
		};
		029C17902822E73B0031AF64 /* Model */ = {
			isa = PBXGroup;
			children = (
				024E9F062826F73600AEB1E8 /* Pokemon.swift */,
			);
			path = Model;
			sourceTree = "<group>";
		};
/* End PBXGroup section */

/* Begin PBXNativeTarget section */
		029C175C2822ADA20031AF64 /* Pokedex */ = {
			isa = PBXNativeTarget;
			buildConfigurationList = 029C17872822ADA70031AF64 /* Build configuration list for PBXNativeTarget "Pokedex" */;
			buildPhases = (
				029C17592822ADA20031AF64 /* Sources */,
				029C175A2822ADA20031AF64 /* Frameworks */,
				029C175B2822ADA20031AF64 /* Resources */,
			);
			buildRules = (
			);
			dependencies = (
			);
			name = Pokedex;
			productName = Pokedex;
			productReference = 029C175D2822ADA20031AF64 /* Pokedex.app */;
			productType = "com.apple.product-type.application";
		};
		029C17722822ADA70031AF64 /* PokedexTests */ = {
			isa = PBXNativeTarget;
			buildConfigurationList = 029C178A2822ADA70031AF64 /* Build configuration list for PBXNativeTarget "PokedexTests" */;
			buildPhases = (
				029C176F2822ADA70031AF64 /* Sources */,
				029C17702822ADA70031AF64 /* Frameworks */,
				029C17712822ADA70031AF64 /* Resources */,
			);
			buildRules = (
			);
			dependencies = (
				029C17752822ADA70031AF64 /* PBXTargetDependency */,
			);
			name = PokedexTests;
			productName = PokedexTests;
			productReference = 029C17732822ADA70031AF64 /* PokedexTests.xctest */;
			productType = "com.apple.product-type.bundle.unit-test";
		};
		029C177C2822ADA70031AF64 /* PokedexUITests */ = {
			isa = PBXNativeTarget;
			buildConfigurationList = 029C178D2822ADA70031AF64 /* Build configuration list for PBXNativeTarget "PokedexUITests" */;
			buildPhases = (
				029C17792822ADA70031AF64 /* Sources */,
				029C177A2822ADA70031AF64 /* Frameworks */,
				029C177B2822ADA70031AF64 /* Resources */,
			);
			buildRules = (
			);
			dependencies = (
				029C177F2822ADA70031AF64 /* PBXTargetDependency */,
			);
			name = PokedexUITests;
			productName = PokedexUITests;
			productReference = 029C177D2822ADA70031AF64 /* PokedexUITests.xctest */;
			productType = "com.apple.product-type.bundle.ui-testing";
		};
/* End PBXNativeTarget section */

/* Begin PBXProject section */
		029C17552822ADA20031AF64 /* Project object */ = {
			isa = PBXProject;
			attributes = {
				BuildIndependentTargetsInParallel = 1;
				LastSwiftUpdateCheck = 1330;
				LastUpgradeCheck = 1330;
				TargetAttributes = {
					029C175C2822ADA20031AF64 = {
						CreatedOnToolsVersion = 13.3.1;
					};
					029C17722822ADA70031AF64 = {
						CreatedOnToolsVersion = 13.3.1;
						TestTargetID = 029C175C2822ADA20031AF64;
					};
					029C177C2822ADA70031AF64 = {
						CreatedOnToolsVersion = 13.3.1;
						TestTargetID = 029C175C2822ADA20031AF64;
					};
				};
			};
			buildConfigurationList = 029C17582822ADA20031AF64 /* Build configuration list for PBXProject "Pokedex" */;
			compatibilityVersion = "Xcode 13.0";
			developmentRegion = en;
			hasScannedForEncodings = 0;
			knownRegions = (
				en,
				Base,
			);
			mainGroup = 029C17542822ADA20031AF64;
			productRefGroup = 029C175E2822ADA20031AF64 /* Products */;
			projectDirPath = "";
			projectRoot = "";
			targets = (
				029C175C2822ADA20031AF64 /* Pokedex */,
				029C17722822ADA70031AF64 /* PokedexTests */,
				029C177C2822ADA70031AF64 /* PokedexUITests */,
			);
		};
/* End PBXProject section */

/* Begin PBXResourcesBuildPhase section */
		029C175B2822ADA20031AF64 /* Resources */ = {
			isa = PBXResourcesBuildPhase;
			buildActionMask = 2147483647;
			files = (
				029C176D2822ADA70031AF64 /* LaunchScreen.storyboard in Resources */,
				024E9F092827005600AEB1E8 /* bg.image.tiff in Resources */,
				024E9F052826F2CA00AEB1E8 /* pokemon_species.csv in Resources */,
				024E9F1B282A9A4500AEB1E8 /* music.mp3 in Resources */,
				024E9F142829F7A200AEB1E8 /* Pokemon.ttf in Resources */,
				024E9F1D282A9A5700AEB1E8 /* music.png in Resources */,
				029C176A2822ADA70031AF64 /* Assets.xcassets in Resources */,
				029C17682822ADA20031AF64 /* Main.storyboard in Resources */,
			);
			runOnlyForDeploymentPostprocessing = 0;
		};
		029C17712822ADA70031AF64 /* Resources */ = {
			isa = PBXResourcesBuildPhase;
			buildActionMask = 2147483647;
			files = (
			);
			runOnlyForDeploymentPostprocessing = 0;
		};
		029C177B2822ADA70031AF64 /* Resources */ = {
			isa = PBXResourcesBuildPhase;
			buildActionMask = 2147483647;
			files = (
			);
			runOnlyForDeploymentPostprocessing = 0;
		};
/* End PBXResourcesBuildPhase section */

/* Begin PBXSourcesBuildPhase section */
		029C17592822ADA20031AF64 /* Sources */ = {
			isa = PBXSourcesBuildPhase;
			buildActionMask = 2147483647;
			files = (
				024E9F0F28285BB900AEB1E8 /* csv.swift in Sources */,
				029C17652822ADA20031AF64 /* ViewController.swift in Sources */,
				024E9F072826F73600AEB1E8 /* Pokemon.swift in Sources */,
				029C17612822ADA20031AF64 /* AppDelegate.swift in Sources */,
				024E9F16282A8D0100AEB1E8 /* PokemonDetailVC.swift in Sources */,
				029C17632822ADA20031AF64 /* SceneDelegate.swift in Sources */,
				024E9F0D28270A9A00AEB1E8 /* PokeCell.swift in Sources */,
			);
			runOnlyForDeploymentPostprocessing = 0;
		};
		029C176F2822ADA70031AF64 /* Sources */ = {
			isa = PBXSourcesBuildPhase;
			buildActionMask = 2147483647;
			files = (
				029C17782822ADA70031AF64 /* PokedexTests.swift in Sources */,
			);
			runOnlyForDeploymentPostprocessing = 0;
		};
		029C17792822ADA70031AF64 /* Sources */ = {
			isa = PBXSourcesBuildPhase;
			buildActionMask = 2147483647;
			files = (
				029C17822822ADA70031AF64 /* PokedexUITests.swift in Sources */,
				029C17842822ADA70031AF64 /* PokedexUITestsLaunchTests.swift in Sources */,
			);
			runOnlyForDeploymentPostprocessing = 0;
		};
/* End PBXSourcesBuildPhase section */

/* Begin PBXTargetDependency section */
		029C17752822ADA70031AF64 /* PBXTargetDependency */ = {
			isa = PBXTargetDependency;
			target = 029C175C2822ADA20031AF64 /* Pokedex */;
			targetProxy = 029C17742822ADA70031AF64 /* PBXContainerItemProxy */;
		};
		029C177F2822ADA70031AF64 /* PBXTargetDependency */ = {
			isa = PBXTargetDependency;
			target = 029C175C2822ADA20031AF64 /* Pokedex */;
			targetProxy = 029C177E2822ADA70031AF64 /* PBXContainerItemProxy */;
		};
/* End PBXTargetDependency section */

/* Begin PBXVariantGroup section */
		029C17662822ADA20031AF64 /* Main.storyboard */ = {
			isa = PBXVariantGroup;
			children = (
				029C17672822ADA20031AF64 /* Base */,
			);
			name = Main.storyboard;
			sourceTree = "<group>";
		};
		029C176B2822ADA70031AF64 /* LaunchScreen.storyboard */ = {
			isa = PBXVariantGroup;
			children = (
				029C176C2822ADA70031AF64 /* Base */,
			);
			name = LaunchScreen.storyboard;
			sourceTree = "<group>";
		};
/* End PBXVariantGroup section */

/* Begin XCBuildConfiguration section */
		029C17852822ADA70031AF64 /* Debug */ = {
			isa = XCBuildConfiguration;
			buildSettings = {
				ALWAYS_SEARCH_USER_PATHS = NO;
				CLANG_ANALYZER_NONNULL = YES;
				CLANG_ANALYZER_NUMBER_OBJECT_CONVERSION = YES_AGGRESSIVE;
				CLANG_CXX_LANGUAGE_STANDARD = "gnu++17";
				CLANG_ENABLE_MODULES = YES;
				CLANG_ENABLE_OBJC_ARC = YES;
				CLANG_ENABLE_OBJC_WEAK = YES;
				CLANG_WARN_BLOCK_CAPTURE_AUTORELEASING = YES;
				CLANG_WARN_BOOL_CONVERSION = YES;
				CLANG_WARN_COMMA = YES;
				CLANG_WARN_CONSTANT_CONVERSION = YES;
				CLANG_WARN_DEPRECATED_OBJC_IMPLEMENTATIONS = YES;
				CLANG_WARN_DIRECT_OBJC_ISA_USAGE = YES_ERROR;
				CLANG_WARN_DOCUMENTATION_COMMENTS = YES;
				CLANG_WARN_EMPTY_BODY = YES;
				CLANG_WARN_ENUM_CONVERSION = YES;
				CLANG_WARN_INFINITE_RECURSION = YES;
				CLANG_WARN_INT_CONVERSION = YES;
				CLANG_WARN_NON_LITERAL_NULL_CONVERSION = YES;
				CLANG_WARN_OBJC_IMPLICIT_RETAIN_SELF = YES;
				CLANG_WARN_OBJC_LITERAL_CONVERSION = YES;
				CLANG_WARN_OBJC_ROOT_CLASS = YES_ERROR;
				CLANG_WARN_QUOTED_INCLUDE_IN_FRAMEWORK_HEADER = YES;
				CLANG_WARN_RANGE_LOOP_ANALYSIS = YES;
				CLANG_WARN_STRICT_PROTOTYPES = YES;
				CLANG_WARN_SUSPICIOUS_MOVE = YES;
				CLANG_WARN_UNGUARDED_AVAILABILITY = YES_AGGRESSIVE;
				CLANG_WARN_UNREACHABLE_CODE = YES;
				CLANG_WARN__DUPLICATE_METHOD_MATCH = YES;
				COPY_PHASE_STRIP = NO;
				DEBUG_INFORMATION_FORMAT = dwarf;
				ENABLE_STRICT_OBJC_MSGSEND = YES;
				ENABLE_TESTABILITY = YES;
				GCC_C_LANGUAGE_STANDARD = gnu11;
				GCC_DYNAMIC_NO_PIC = NO;
				GCC_NO_COMMON_BLOCKS = YES;
				GCC_OPTIMIZATION_LEVEL = 0;
				GCC_PREPROCESSOR_DEFINITIONS = (
					"DEBUG=1",
					"$(inherited)",
				);
				GCC_WARN_64_TO_32_BIT_CONVERSION = YES;
				GCC_WARN_ABOUT_RETURN_TYPE = YES_ERROR;
				GCC_WARN_UNDECLARED_SELECTOR = YES;
				GCC_WARN_UNINITIALIZED_AUTOS = YES_AGGRESSIVE;
				GCC_WARN_UNUSED_FUNCTION = YES;
				GCC_WARN_UNUSED_VARIABLE = YES;
				IPHONEOS_DEPLOYMENT_TARGET = 15.4;
				MTL_ENABLE_DEBUG_INFO = INCLUDE_SOURCE;
				MTL_FAST_MATH = YES;
				ONLY_ACTIVE_ARCH = YES;
				SDKROOT = iphoneos;
				SWIFT_ACTIVE_COMPILATION_CONDITIONS = DEBUG;
				SWIFT_OPTIMIZATION_LEVEL = "-Onone";
			};
			name = Debug;
		};
		029C17862822ADA70031AF64 /* Release */ = {
			isa = XCBuildConfiguration;
			buildSettings = {
				ALWAYS_SEARCH_USER_PATHS = NO;
				CLANG_ANALYZER_NONNULL = YES;
				CLANG_ANALYZER_NUMBER_OBJECT_CONVERSION = YES_AGGRESSIVE;
				CLANG_CXX_LANGUAGE_STANDARD = "gnu++17";
				CLANG_ENABLE_MODULES = YES;
				CLANG_ENABLE_OBJC_ARC = YES;
				CLANG_ENABLE_OBJC_WEAK = YES;
				CLANG_WARN_BLOCK_CAPTURE_AUTORELEASING = YES;
				CLANG_WARN_BOOL_CONVERSION = YES;
				CLANG_WARN_COMMA = YES;
				CLANG_WARN_CONSTANT_CONVERSION = YES;
				CLANG_WARN_DEPRECATED_OBJC_IMPLEMENTATIONS = YES;
				CLANG_WARN_DIRECT_OBJC_ISA_USAGE = YES_ERROR;
				CLANG_WARN_DOCUMENTATION_COMMENTS = YES;
				CLANG_WARN_EMPTY_BODY = YES;
				CLANG_WARN_ENUM_CONVERSION = YES;
				CLANG_WARN_INFINITE_RECURSION = YES;
				CLANG_WARN_INT_CONVERSION = YES;
				CLANG_WARN_NON_LITERAL_NULL_CONVERSION = YES;
				CLANG_WARN_OBJC_IMPLICIT_RETAIN_SELF = YES;
				CLANG_WARN_OBJC_LITERAL_CONVERSION = YES;
				CLANG_WARN_OBJC_ROOT_CLASS = YES_ERROR;
				CLANG_WARN_QUOTED_INCLUDE_IN_FRAMEWORK_HEADER = YES;
				CLANG_WARN_RANGE_LOOP_ANALYSIS = YES;
				CLANG_WARN_STRICT_PROTOTYPES = YES;
				CLANG_WARN_SUSPICIOUS_MOVE = YES;
				CLANG_WARN_UNGUARDED_AVAILABILITY = YES_AGGRESSIVE;
				CLANG_WARN_UNREACHABLE_CODE = YES;
				CLANG_WARN__DUPLICATE_METHOD_MATCH = YES;
				COPY_PHASE_STRIP = NO;
				DEBUG_INFORMATION_FORMAT = "dwarf-with-dsym";
				ENABLE_NS_ASSERTIONS = NO;
				ENABLE_STRICT_OBJC_MSGSEND = YES;
				GCC_C_LANGUAGE_STANDARD = gnu11;
				GCC_NO_COMMON_BLOCKS = YES;
				GCC_WARN_64_TO_32_BIT_CONVERSION = YES;
				GCC_WARN_ABOUT_RETURN_TYPE = YES_ERROR;
				GCC_WARN_UNDECLARED_SELECTOR = YES;
				GCC_WARN_UNINITIALIZED_AUTOS = YES_AGGRESSIVE;
				GCC_WARN_UNUSED_FUNCTION = YES;
				GCC_WARN_UNUSED_VARIABLE = YES;
				IPHONEOS_DEPLOYMENT_TARGET = 15.4;
				MTL_ENABLE_DEBUG_INFO = NO;
				MTL_FAST_MATH = YES;
				SDKROOT = iphoneos;
				SWIFT_COMPILATION_MODE = wholemodule;
				SWIFT_OPTIMIZATION_LEVEL = "-O";
				VALIDATE_PRODUCT = YES;
			};
			name = Release;
		};
		029C17882822ADA70031AF64 /* Debug */ = {
			isa = XCBuildConfiguration;
			buildSettings = {
				ASSETCATALOG_COMPILER_APPICON_NAME = AppIcon;
				ASSETCATALOG_COMPILER_GLOBAL_ACCENT_COLOR_NAME = AccentColor;
				CODE_SIGN_STYLE = Automatic;
				CURRENT_PROJECT_VERSION = 1;
				GENERATE_INFOPLIST_FILE = YES;
				INFOPLIST_FILE = Pokedex/Info.plist;
				INFOPLIST_KEY_UIApplicationSupportsIndirectInputEvents = YES;
				INFOPLIST_KEY_UILaunchStoryboardName = LaunchScreen;
				INFOPLIST_KEY_UIMainStoryboardFile = Main;
				INFOPLIST_KEY_UISupportedInterfaceOrientations_iPad = "UIInterfaceOrientationPortrait UIInterfaceOrientationPortraitUpsideDown UIInterfaceOrientationLandscapeLeft UIInterfaceOrientationLandscapeRight";
				INFOPLIST_KEY_UISupportedInterfaceOrientations_iPhone = "UIInterfaceOrientationPortrait UIInterfaceOrientationLandscapeLeft UIInterfaceOrientationLandscapeRight";
				LD_RUNPATH_SEARCH_PATHS = (
					"$(inherited)",
					"@executable_path/Frameworks",
				);
				MARKETING_VERSION = 1.0;
				PRODUCT_BUNDLE_IDENTIFIER = Shadow.Pokedex;
				PRODUCT_NAME = "$(TARGET_NAME)";
				SWIFT_EMIT_LOC_STRINGS = YES;
				SWIFT_VERSION = 5.0;
				TARGETED_DEVICE_FAMILY = "1,2";
			};
			name = Debug;
		};
		029C17892822ADA70031AF64 /* Release */ = {
			isa = XCBuildConfiguration;
			buildSettings = {
				ASSETCATALOG_COMPILER_APPICON_NAME = AppIcon;
				ASSETCATALOG_COMPILER_GLOBAL_ACCENT_COLOR_NAME = AccentColor;
				CODE_SIGN_STYLE = Automatic;
				CURRENT_PROJECT_VERSION = 1;
				GENERATE_INFOPLIST_FILE = YES;
				INFOPLIST_FILE = Pokedex/Info.plist;
				INFOPLIST_KEY_UIApplicationSupportsIndirectInputEvents = YES;
				INFOPLIST_KEY_UILaunchStoryboardName = LaunchScreen;
				INFOPLIST_KEY_UIMainStoryboardFile = Main;
				INFOPLIST_KEY_UISupportedInterfaceOrientations_iPad = "UIInterfaceOrientationPortrait UIInterfaceOrientationPortraitUpsideDown UIInterfaceOrientationLandscapeLeft UIInterfaceOrientationLandscapeRight";
				INFOPLIST_KEY_UISupportedInterfaceOrientations_iPhone = "UIInterfaceOrientationPortrait UIInterfaceOrientationLandscapeLeft UIInterfaceOrientationLandscapeRight";
				LD_RUNPATH_SEARCH_PATHS = (
					"$(inherited)",
					"@executable_path/Frameworks",
				);
				MARKETING_VERSION = 1.0;
				PRODUCT_BUNDLE_IDENTIFIER = Shadow.Pokedex;
				PRODUCT_NAME = "$(TARGET_NAME)";
				SWIFT_EMIT_LOC_STRINGS = YES;
				SWIFT_VERSION = 5.0;
				TARGETED_DEVICE_FAMILY = "1,2";
			};
			name = Release;
		};
		029C178B2822ADA70031AF64 /* Debug */ = {
			isa = XCBuildConfiguration;
			buildSettings = {
				ALWAYS_EMBED_SWIFT_STANDARD_LIBRARIES = YES;
				BUNDLE_LOADER = "$(TEST_HOST)";
				CODE_SIGN_STYLE = Automatic;
				CURRENT_PROJECT_VERSION = 1;
				GENERATE_INFOPLIST_FILE = YES;
				IPHONEOS_DEPLOYMENT_TARGET = 15.4;
				MARKETING_VERSION = 1.0;
				PRODUCT_BUNDLE_IDENTIFIER = Shadow.PokedexTests;
				PRODUCT_NAME = "$(TARGET_NAME)";
				SWIFT_EMIT_LOC_STRINGS = NO;
				SWIFT_VERSION = 5.0;
				TARGETED_DEVICE_FAMILY = "1,2";
				TEST_HOST = "$(BUILT_PRODUCTS_DIR)/Pokedex.app/Pokedex";
			};
			name = Debug;
		};
		029C178C2822ADA70031AF64 /* Release */ = {
			isa = XCBuildConfiguration;
			buildSettings = {
				ALWAYS_EMBED_SWIFT_STANDARD_LIBRARIES = YES;
				BUNDLE_LOADER = "$(TEST_HOST)";
				CODE_SIGN_STYLE = Automatic;
				CURRENT_PROJECT_VERSION = 1;
				GENERATE_INFOPLIST_FILE = YES;
				IPHONEOS_DEPLOYMENT_TARGET = 15.4;
				MARKETING_VERSION = 1.0;
				PRODUCT_BUNDLE_IDENTIFIER = Shadow.PokedexTests;
				PRODUCT_NAME = "$(TARGET_NAME)";
				SWIFT_EMIT_LOC_STRINGS = NO;
				SWIFT_VERSION = 5.0;
				TARGETED_DEVICE_FAMILY = "1,2";
				TEST_HOST = "$(BUILT_PRODUCTS_DIR)/Pokedex.app/Pokedex";
			};
			name = Release;
		};
		029C178E2822ADA70031AF64 /* Debug */ = {
			isa = XCBuildConfiguration;
			buildSettings = {
				ALWAYS_EMBED_SWIFT_STANDARD_LIBRARIES = YES;
				CODE_SIGN_STYLE = Automatic;
				CURRENT_PROJECT_VERSION = 1;
				GENERATE_INFOPLIST_FILE = YES;
				MARKETING_VERSION = 1.0;
				PRODUCT_BUNDLE_IDENTIFIER = Shadow.PokedexUITests;
				PRODUCT_NAME = "$(TARGET_NAME)";
				SWIFT_EMIT_LOC_STRINGS = NO;
				SWIFT_VERSION = 5.0;
				TARGETED_DEVICE_FAMILY = "1,2";
				TEST_TARGET_NAME = Pokedex;
			};
			name = Debug;
		};
		029C178F2822ADA70031AF64 /* Release */ = {
			isa = XCBuildConfiguration;
			buildSettings = {
				ALWAYS_EMBED_SWIFT_STANDARD_LIBRARIES = YES;
				CODE_SIGN_STYLE = Automatic;
				CURRENT_PROJECT_VERSION = 1;
				GENERATE_INFOPLIST_FILE = YES;
				MARKETING_VERSION = 1.0;
				PRODUCT_BUNDLE_IDENTIFIER = Shadow.PokedexUITests;
				PRODUCT_NAME = "$(TARGET_NAME)";
				SWIFT_EMIT_LOC_STRINGS = NO;
				SWIFT_VERSION = 5.0;
				TARGETED_DEVICE_FAMILY = "1,2";
				TEST_TARGET_NAME = Pokedex;
			};
			name = Release;
		};
/* End XCBuildConfiguration section */

/* Begin XCConfigurationList section */
		029C17582822ADA20031AF64 /* Build configuration list for PBXProject "Pokedex" */ = {
			isa = XCConfigurationList;
			buildConfigurations = (
				029C17852822ADA70031AF64 /* Debug */,
				029C17862822ADA70031AF64 /* Release */,
			);
			defaultConfigurationIsVisible = 0;
			defaultConfigurationName = Release;
		};
		029C17872822ADA70031AF64 /* Build configuration list for PBXNativeTarget "Pokedex" */ = {
			isa = XCConfigurationList;
			buildConfigurations = (
				029C17882822ADA70031AF64 /* Debug */,
				029C17892822ADA70031AF64 /* Release */,
			);
			defaultConfigurationIsVisible = 0;
			defaultConfigurationName = Release;
		};
		029C178A2822ADA70031AF64 /* Build configuration list for PBXNativeTarget "PokedexTests" */ = {
			isa = XCConfigurationList;
			buildConfigurations = (
				029C178B2822ADA70031AF64 /* Debug */,
				029C178C2822ADA70031AF64 /* Release */,
			);
			defaultConfigurationIsVisible = 0;
			defaultConfigurationName = Release;
		};
		029C178D2822ADA70031AF64 /* Build configuration list for PBXNativeTarget "PokedexUITests" */ = {
			isa = XCConfigurationList;
			buildConfigurations = (
				029C178E2822ADA70031AF64 /* Debug */,
				029C178F2822ADA70031AF64 /* Release */,
			);
			defaultConfigurationIsVisible = 0;
			defaultConfigurationName = Release;
		};
/* End XCConfigurationList section */
	};
	rootObject = 029C17552822ADA20031AF64 /* Project object */;
}
